
Microsoft Visual Studio Solution File, Format Version 12.00
# Visual Studio Version 16
VisualStudioVersion = 16.0.30330.147
MinimumVisualStudioVersion = 10.0.40219.1
Project("{9A19103F-16F7-4668-BE54-9A1E7A4F7556}") = "Garages_Recruit_1271", "Garages_Recruit_1271\Garages_Recruit_1271.csproj", "{8F3ADEFC-465A-495B-8A65-34D67BD9A102}"
EndProject
Global
	GlobalSection(SolutionConfigurationPlatforms) = preSolution
		Debug|Any CPU = Debug|Any CPU
		Release|Any CPU = Release|Any CPU
	EndGlobalSection
	GlobalSection(ProjectConfigurationPlatforms) = postSolution
		{8F3ADEFC-465A-495B-8A65-34D67BD9A102}.Debug|Any CPU.ActiveCfg = Debug|Any CPU
		{8F3ADEFC-465A-495B-8A65-34D67BD9A102}.Debug|Any CPU.Build.0 = Debug|Any CPU
		{8F3ADEFC-465A-495B-8A65-34D67BD9A102}.Release|Any CPU.ActiveCfg = Release|Any CPU
		{8F3ADEFC-465A-495B-8A65-34D67BD9A102}.Release|Any CPU.Build.0 = Release|Any CPU
	EndGlobalSection
	GlobalSection(SolutionProperties) = preSolution
		HideSolutionNode = FALSE
	EndGlobalSection
	GlobalSection(ExtensibilityGlobals) = postSolution
		SolutionGuid = {B4AD16F9-99D0-4D4D-8951-C8AAEAF7E522}
	EndGlobalSection
EndGlobal
