
Microsoft Visual Studio Solution File, Format Version 12.00
# Visual Studio 15
VisualStudioVersion = 15.0.28307.1209
MinimumVisualStudioVersion = 10.0.40219.1
Project("{9A19103F-16F7-4668-BE54-9A1E7A4F7556}") = "Web_Services_1271", "Web_Services_1271.csproj", "{3ADF715E-B661-43FB-ACF7-E770E2AF00B6}"
EndProject
Global
	GlobalSection(SolutionConfigurationPlatforms) = preSolution
		Debug|Any CPU = Debug|Any CPU
		Release|Any CPU = Release|Any CPU
	EndGlobalSection
	GlobalSection(ProjectConfigurationPlatforms) = postSolution
		{3ADF715E-B661-43FB-ACF7-E770E2AF00B6}.Debug|Any CPU.ActiveCfg = Debug|Any CPU
		{3ADF715E-B661-43FB-ACF7-E770E2AF00B6}.Debug|Any CPU.Build.0 = Debug|Any CPU
		{3ADF715E-B661-43FB-ACF7-E770E2AF00B6}.Release|Any CPU.ActiveCfg = Release|Any CPU
		{3ADF715E-B661-43FB-ACF7-E770E2AF00B6}.Release|Any CPU.Build.0 = Release|Any CPU
	EndGlobalSection
	GlobalSection(SolutionProperties) = preSolution
		HideSolutionNode = FALSE
	EndGlobalSection
	GlobalSection(ExtensibilityGlobals) = postSolution
		SolutionGuid = {CC717F8D-7C3C-40CF-A9F7-581FB1E2732B}
	EndGlobalSection
EndGlobal
